
Microsoft Visual Studio Solution File, Format Version 12.00
# Visual Studio 15
VisualStudioVersion = 15.0.28307.329
MinimumVisualStudioVersion = 10.0.40219.1
Project("{2150E333-8FDC-42A3-9474-1A3956D46DE8}") = "Repositorios", "Repositorios", "{A4C1297E-9477-4C59-B8FC-939247CCD76C}"
EndProject
Project("{FAE04EC0-301F-11D3-BF4B-00C04F79EFBC}") = "App.DataAccess.Repository", "App.DataAccess.Repository\App.DataAccess.Repository.csproj", "{97539BC9-5797-4247-BB93-2346B9C5FC97}"
EndProject
Project("{FAE04EC0-301F-11D3-BF4B-00C04F79EFBC}") = "App.Entities.Base", "App.Entities.Base\App.Entities.Base.csproj", "{CD0D1BEA-456C-42BF-88EF-A304522DB1AE}"
EndProject
Project("{FAE04EC0-301F-11D3-BF4B-00C04F79EFBC}") = "App.DataAccess.Repository.Interface", "App.DataAccess.Repository.Interface\App.DataAccess.Repository.Interface.csproj", "{B4464098-9C10-4CD4-AD14-B70EC4AE3B85}"
EndProject
Project("{FAE04EC0-301F-11D3-BF4B-00C04F79EFBC}") = "App.DataAccess.Repository.Test", "App.DataAccess.Repository.Test\App.DataAccess.Repository.Test.csproj", "{4978D872-EB31-45E6-8A00-1C68D84145E7}"
EndProject
Project("{FAE04EC0-301F-11D3-BF4B-00C04F79EFBC}") = "App.Entities.Queries", "App.Entities.Queries\App.Entities.Queries.csproj", "{C69CCC6C-A764-4E87-BBE8-E142D38AF759}"
EndProject
Project("{2150E333-8FDC-42A3-9474-1A3956D46DE8}") = "Domain", "Domain", "{00D19436-529C-4B72-8AA6-FAFFE63258EE}"
EndProject
Project("{2150E333-8FDC-42A3-9474-1A3956D46DE8}") = "Services", "Services", "{24DCFDAC-1570-4F04-A268-24E2F67C7EE5}"
EndProject
Project("{FAE04EC0-301F-11D3-BF4B-00C04F79EFBC}") = "App.Services.WCF", "App.Services.WCF\App.Services.WCF.csproj", "{41EDA30C-D35A-46C0-B2E1-FE27A89BE1F3}"
EndProject
Project("{FAE04EC0-301F-11D3-BF4B-00C04F79EFBC}") = "App.Services.WCF.Interfaces", "App.Services.WCF.Interfaces\App.Services.WCF.Interfaces.csproj", "{C6B89892-CD47-4EC5-9901-D2B659A55202}"
EndProject
Project("{FAE04EC0-301F-11D3-BF4B-00C04F79EFBC}") = "App.Domain.Interfaces", "App.Domain.Interfaces\App.Domain.Interfaces.csproj", "{96F6FB65-1A14-45E2-A4FB-D440CF193B33}"
EndProject
Project("{FAE04EC0-301F-11D3-BF4B-00C04F79EFBC}") = "App.Domain", "App.Domain\App.Domain.csproj", "{CFA6B4DB-00C0-43E5-AD61-6759223B282C}"
EndProject
Project("{2150E333-8FDC-42A3-9474-1A3956D46DE8}") = "Entities", "Entities", "{880A4FA2-80AB-4072-AFA7-7018B5ECDA38}"
EndProject
Project("{FAE04EC0-301F-11D3-BF4B-00C04F79EFBC}") = "App.Service.WCFApp", "App.Service.WCFApp\App.Service.WCFApp.csproj", "{2E7FFFE2-2742-4657-AE98-2E0AC2BB2653}"
EndProject
Project("{FAE04EC0-301F-11D3-BF4B-00C04F79EFBC}") = "App.Service.WCFAppTest", "App.Service.WCFAppTest\App.Service.WCFAppTest.csproj", "{24B6B051-F14A-4B9C-BE4D-CFB2628CD64C}"
EndProject
Project("{2150E333-8FDC-42A3-9474-1A3956D46DE8}") = "UI", "UI", "{D2BAED8B-E947-49FC-B646-2E979A40DBD7}"
EndProject
Project("{FAE04EC0-301F-11D3-BF4B-00C04F79EFBC}") = "App.UI.WebForm", "App.UI.WebForm\App.UI.WebForm.csproj", "{D88BC93B-590E-4D95-96F0-A17649C7B1B5}"
EndProject
Project("{FAE04EC0-301F-11D3-BF4B-00C04F79EFBC}") = "App.UI.MVC", "App.UI.MVC\App.UI.MVC.csproj", "{39B5B83B-05F1-4BE3-B383-D005C748D9B5}"
EndProject
Global
	GlobalSection(SolutionConfigurationPlatforms) = preSolution
		Debug|Any CPU = Debug|Any CPU
		Release|Any CPU = Release|Any CPU
	EndGlobalSection
	GlobalSection(ProjectConfigurationPlatforms) = postSolution
		{97539BC9-5797-4247-BB93-2346B9C5FC97}.Debug|Any CPU.ActiveCfg = Debug|Any CPU
		{97539BC9-5797-4247-BB93-2346B9C5FC97}.Debug|Any CPU.Build.0 = Debug|Any CPU
		{97539BC9-5797-4247-BB93-2346B9C5FC97}.Release|Any CPU.ActiveCfg = Release|Any CPU
		{97539BC9-5797-4247-BB93-2346B9C5FC97}.Release|Any CPU.Build.0 = Release|Any CPU
		{CD0D1BEA-456C-42BF-88EF-A304522DB1AE}.Debug|Any CPU.ActiveCfg = Debug|Any CPU
		{CD0D1BEA-456C-42BF-88EF-A304522DB1AE}.Debug|Any CPU.Build.0 = Debug|Any CPU
		{CD0D1BEA-456C-42BF-88EF-A304522DB1AE}.Release|Any CPU.ActiveCfg = Release|Any CPU
		{CD0D1BEA-456C-42BF-88EF-A304522DB1AE}.Release|Any CPU.Build.0 = Release|Any CPU
		{B4464098-9C10-4CD4-AD14-B70EC4AE3B85}.Debug|Any CPU.ActiveCfg = Debug|Any CPU
		{B4464098-9C10-4CD4-AD14-B70EC4AE3B85}.Debug|Any CPU.Build.0 = Debug|Any CPU
		{B4464098-9C10-4CD4-AD14-B70EC4AE3B85}.Release|Any CPU.ActiveCfg = Release|Any CPU
		{B4464098-9C10-4CD4-AD14-B70EC4AE3B85}.Release|Any CPU.Build.0 = Release|Any CPU
		{4978D872-EB31-45E6-8A00-1C68D84145E7}.Debug|Any CPU.ActiveCfg = Debug|Any CPU
		{4978D872-EB31-45E6-8A00-1C68D84145E7}.Debug|Any CPU.Build.0 = Debug|Any CPU
		{4978D872-EB31-45E6-8A00-1C68D84145E7}.Release|Any CPU.ActiveCfg = Release|Any CPU
		{4978D872-EB31-45E6-8A00-1C68D84145E7}.Release|Any CPU.Build.0 = Release|Any CPU
		{C69CCC6C-A764-4E87-BBE8-E142D38AF759}.Debug|Any CPU.ActiveCfg = Debug|Any CPU
		{C69CCC6C-A764-4E87-BBE8-E142D38AF759}.Debug|Any CPU.Build.0 = Debug|Any CPU
		{C69CCC6C-A764-4E87-BBE8-E142D38AF759}.Release|Any CPU.ActiveCfg = Release|Any CPU
		{C69CCC6C-A764-4E87-BBE8-E142D38AF759}.Release|Any CPU.Build.0 = Release|Any CPU
		{41EDA30C-D35A-46C0-B2E1-FE27A89BE1F3}.Debug|Any CPU.ActiveCfg = Debug|Any CPU
		{41EDA30C-D35A-46C0-B2E1-FE27A89BE1F3}.Debug|Any CPU.Build.0 = Debug|Any CPU
		{41EDA30C-D35A-46C0-B2E1-FE27A89BE1F3}.Release|Any CPU.ActiveCfg = Release|Any CPU
		{41EDA30C-D35A-46C0-B2E1-FE27A89BE1F3}.Release|Any CPU.Build.0 = Release|Any CPU
		{C6B89892-CD47-4EC5-9901-D2B659A55202}.Debug|Any CPU.ActiveCfg = Debug|Any CPU
		{C6B89892-CD47-4EC5-9901-D2B659A55202}.Debug|Any CPU.Build.0 = Debug|Any CPU
		{C6B89892-CD47-4EC5-9901-D2B659A55202}.Release|Any CPU.ActiveCfg = Release|Any CPU
		{C6B89892-CD47-4EC5-9901-D2B659A55202}.Release|Any CPU.Build.0 = Release|Any CPU
		{96F6FB65-1A14-45E2-A4FB-D440CF193B33}.Debug|Any CPU.ActiveCfg = Debug|Any CPU
		{96F6FB65-1A14-45E2-A4FB-D440CF193B33}.Debug|Any CPU.Build.0 = Debug|Any CPU
		{96F6FB65-1A14-45E2-A4FB-D440CF193B33}.Release|Any CPU.ActiveCfg = Release|Any CPU
		{96F6FB65-1A14-45E2-A4FB-D440CF193B33}.Release|Any CPU.Build.0 = Release|Any CPU
		{CFA6B4DB-00C0-43E5-AD61-6759223B282C}.Debug|Any CPU.ActiveCfg = Debug|Any CPU
		{CFA6B4DB-00C0-43E5-AD61-6759223B282C}.Debug|Any CPU.Build.0 = Debug|Any CPU
		{CFA6B4DB-00C0-43E5-AD61-6759223B282C}.Release|Any CPU.ActiveCfg = Release|Any CPU
		{CFA6B4DB-00C0-43E5-AD61-6759223B282C}.Release|Any CPU.Build.0 = Release|Any CPU
		{2E7FFFE2-2742-4657-AE98-2E0AC2BB2653}.Debug|Any CPU.ActiveCfg = Debug|Any CPU
		{2E7FFFE2-2742-4657-AE98-2E0AC2BB2653}.Debug|Any CPU.Build.0 = Debug|Any CPU
		{2E7FFFE2-2742-4657-AE98-2E0AC2BB2653}.Release|Any CPU.ActiveCfg = Release|Any CPU
		{2E7FFFE2-2742-4657-AE98-2E0AC2BB2653}.Release|Any CPU.Build.0 = Release|Any CPU
		{24B6B051-F14A-4B9C-BE4D-CFB2628CD64C}.Debug|Any CPU.ActiveCfg = Debug|Any CPU
		{24B6B051-F14A-4B9C-BE4D-CFB2628CD64C}.Debug|Any CPU.Build.0 = Debug|Any CPU
		{24B6B051-F14A-4B9C-BE4D-CFB2628CD64C}.Release|Any CPU.ActiveCfg = Release|Any CPU
		{24B6B051-F14A-4B9C-BE4D-CFB2628CD64C}.Release|Any CPU.Build.0 = Release|Any CPU
		{D88BC93B-590E-4D95-96F0-A17649C7B1B5}.Debug|Any CPU.ActiveCfg = Debug|Any CPU
		{D88BC93B-590E-4D95-96F0-A17649C7B1B5}.Debug|Any CPU.Build.0 = Debug|Any CPU
		{D88BC93B-590E-4D95-96F0-A17649C7B1B5}.Release|Any CPU.ActiveCfg = Release|Any CPU
		{D88BC93B-590E-4D95-96F0-A17649C7B1B5}.Release|Any CPU.Build.0 = Release|Any CPU
		{39B5B83B-05F1-4BE3-B383-D005C748D9B5}.Debug|Any CPU.ActiveCfg = Debug|Any CPU
		{39B5B83B-05F1-4BE3-B383-D005C748D9B5}.Debug|Any CPU.Build.0 = Debug|Any CPU
		{39B5B83B-05F1-4BE3-B383-D005C748D9B5}.Release|Any CPU.ActiveCfg = Release|Any CPU
		{39B5B83B-05F1-4BE3-B383-D005C748D9B5}.Release|Any CPU.Build.0 = Release|Any CPU
	EndGlobalSection
	GlobalSection(SolutionProperties) = preSolution
		HideSolutionNode = FALSE
	EndGlobalSection
	GlobalSection(NestedProjects) = preSolution
		{97539BC9-5797-4247-BB93-2346B9C5FC97} = {A4C1297E-9477-4C59-B8FC-939247CCD76C}
		{CD0D1BEA-456C-42BF-88EF-A304522DB1AE} = {880A4FA2-80AB-4072-AFA7-7018B5ECDA38}
		{B4464098-9C10-4CD4-AD14-B70EC4AE3B85} = {A4C1297E-9477-4C59-B8FC-939247CCD76C}
		{4978D872-EB31-45E6-8A00-1C68D84145E7} = {A4C1297E-9477-4C59-B8FC-939247CCD76C}
		{C69CCC6C-A764-4E87-BBE8-E142D38AF759} = {880A4FA2-80AB-4072-AFA7-7018B5ECDA38}
		{41EDA30C-D35A-46C0-B2E1-FE27A89BE1F3} = {24DCFDAC-1570-4F04-A268-24E2F67C7EE5}
		{C6B89892-CD47-4EC5-9901-D2B659A55202} = {24DCFDAC-1570-4F04-A268-24E2F67C7EE5}
		{96F6FB65-1A14-45E2-A4FB-D440CF193B33} = {00D19436-529C-4B72-8AA6-FAFFE63258EE}
		{CFA6B4DB-00C0-43E5-AD61-6759223B282C} = {00D19436-529C-4B72-8AA6-FAFFE63258EE}
		{2E7FFFE2-2742-4657-AE98-2E0AC2BB2653} = {24DCFDAC-1570-4F04-A268-24E2F67C7EE5}
		{24B6B051-F14A-4B9C-BE4D-CFB2628CD64C} = {24DCFDAC-1570-4F04-A268-24E2F67C7EE5}
		{D88BC93B-590E-4D95-96F0-A17649C7B1B5} = {D2BAED8B-E947-49FC-B646-2E979A40DBD7}
		{39B5B83B-05F1-4BE3-B383-D005C748D9B5} = {D2BAED8B-E947-49FC-B646-2E979A40DBD7}
	EndGlobalSection
	GlobalSection(ExtensibilityGlobals) = postSolution
		SolutionGuid = {2A6420F7-C7C9-4BD4-8682-0CB0ACC7A8ED}
	EndGlobalSection
EndGlobal
